
Microsoft Visual Studio Solution File, Format Version 12.00
# Visual Studio 2013
VisualStudioVersion = 12.0.40629.0
MinimumVisualStudioVersion = 10.0.40219.1
Project("{FAE04EC0-301F-11D3-BF4B-00C04F79EFBC}") = "OrdersAndisheh", "OrdersAndisheh\OrdersAndisheh.csproj", "{0393A41D-38F4-4AF4-A1F7-595A19353E7A}"
EndProject
Project("{FAE04EC0-301F-11D3-BF4B-00C04F79EFBC}") = "ImportingLib", "ImportingLib\ImportingLib.csproj", "{C62FA39A-F299-4F9E-9E23-E87CDA03D821}"
EndProject
Project("{FAE04EC0-301F-11D3-BF4B-00C04F79EFBC}") = "ImportLibTest1", "ImportLibTest1\ImportLibTest1.csproj", "{A15A0ED1-D4CF-435B-9AE3-25D83FC07D16}"
EndProject
Project("{FAE04EC0-301F-11D3-BF4B-00C04F79EFBC}") = "Data", "Data\Data.csproj", "{C5220201-6521-4BCE-8698-A2BEC5117BB8}"
EndProject
Project("{FAE04EC0-301F-11D3-BF4B-00C04F79EFBC}") = "Core", "Core\Core.csproj", "{A8E43B59-BBDF-47B4-93AA-427088051EE1}"
EndProject
Project("{FAE04EC0-301F-11D3-BF4B-00C04F79EFBC}") = "OrderAndishehTest", "OrderAndishehTest\OrderAndishehTest.csproj", "{6E5D6996-5B10-4725-A1A9-0A2ED8750E69}"
EndProject
Project("{FAE04EC0-301F-11D3-BF4B-00C04F79EFBC}") = "DataTest", "DataTest\DataTest.csproj", "{75D1E65E-1ED9-4026-A912-DF16CA79A56B}"
EndProject
Project("{FAE04EC0-301F-11D3-BF4B-00C04F79EFBC}") = "OrderAndisheh.Domain", "OrderAndisheh.Domain\OrderAndisheh.Domain.csproj", "{40DE10EF-FBDB-42E9-9482-EE37BC41D3C4}"
EndProject
Project("{FAE04EC0-301F-11D3-BF4B-00C04F79EFBC}") = "OrderAndisheh.Domain.Test", "OrderAndisheh.Domain.Test\OrderAndisheh.Domain.Test.csproj", "{58854C16-64B2-419A-8531-1D2E6DFCED7D}"
EndProject
Global
	GlobalSection(SolutionConfigurationPlatforms) = preSolution
		Debug|Any CPU = Debug|Any CPU
		Release|Any CPU = Release|Any CPU
	EndGlobalSection
	GlobalSection(ProjectConfigurationPlatforms) = postSolution
		{0393A41D-38F4-4AF4-A1F7-595A19353E7A}.Debug|Any CPU.ActiveCfg = Debug|Any CPU
		{0393A41D-38F4-4AF4-A1F7-595A19353E7A}.Debug|Any CPU.Build.0 = Debug|Any CPU
		{0393A41D-38F4-4AF4-A1F7-595A19353E7A}.Release|Any CPU.ActiveCfg = Release|Any CPU
		{0393A41D-38F4-4AF4-A1F7-595A19353E7A}.Release|Any CPU.Build.0 = Release|Any CPU
		{C62FA39A-F299-4F9E-9E23-E87CDA03D821}.Debug|Any CPU.ActiveCfg = Debug|Any CPU
		{C62FA39A-F299-4F9E-9E23-E87CDA03D821}.Debug|Any CPU.Build.0 = Debug|Any CPU
		{C62FA39A-F299-4F9E-9E23-E87CDA03D821}.Release|Any CPU.ActiveCfg = Release|Any CPU
		{C62FA39A-F299-4F9E-9E23-E87CDA03D821}.Release|Any CPU.Build.0 = Release|Any CPU
		{A15A0ED1-D4CF-435B-9AE3-25D83FC07D16}.Debug|Any CPU.ActiveCfg = Debug|Any CPU
		{A15A0ED1-D4CF-435B-9AE3-25D83FC07D16}.Debug|Any CPU.Build.0 = Debug|Any CPU
		{A15A0ED1-D4CF-435B-9AE3-25D83FC07D16}.Release|Any CPU.ActiveCfg = Release|Any CPU
		{A15A0ED1-D4CF-435B-9AE3-25D83FC07D16}.Release|Any CPU.Build.0 = Release|Any CPU
		{C5220201-6521-4BCE-8698-A2BEC5117BB8}.Debug|Any CPU.ActiveCfg = Debug|Any CPU
		{C5220201-6521-4BCE-8698-A2BEC5117BB8}.Debug|Any CPU.Build.0 = Debug|Any CPU
		{C5220201-6521-4BCE-8698-A2BEC5117BB8}.Release|Any CPU.ActiveCfg = Release|Any CPU
		{C5220201-6521-4BCE-8698-A2BEC5117BB8}.Release|Any CPU.Build.0 = Release|Any CPU
		{A8E43B59-BBDF-47B4-93AA-427088051EE1}.Debug|Any CPU.ActiveCfg = Debug|Any CPU
		{A8E43B59-BBDF-47B4-93AA-427088051EE1}.Debug|Any CPU.Build.0 = Debug|Any CPU
		{A8E43B59-BBDF-47B4-93AA-427088051EE1}.Release|Any CPU.ActiveCfg = Release|Any CPU
		{A8E43B59-BBDF-47B4-93AA-427088051EE1}.Release|Any CPU.Build.0 = Release|Any CPU
		{6E5D6996-5B10-4725-A1A9-0A2ED8750E69}.Debug|Any CPU.ActiveCfg = Debug|Any CPU
		{6E5D6996-5B10-4725-A1A9-0A2ED8750E69}.Debug|Any CPU.Build.0 = Debug|Any CPU
		{6E5D6996-5B10-4725-A1A9-0A2ED8750E69}.Release|Any CPU.ActiveCfg = Release|Any CPU
		{6E5D6996-5B10-4725-A1A9-0A2ED8750E69}.Release|Any CPU.Build.0 = Release|Any CPU
		{75D1E65E-1ED9-4026-A912-DF16CA79A56B}.Debug|Any CPU.ActiveCfg = Debug|Any CPU
		{75D1E65E-1ED9-4026-A912-DF16CA79A56B}.Debug|Any CPU.Build.0 = Debug|Any CPU
		{75D1E65E-1ED9-4026-A912-DF16CA79A56B}.Release|Any CPU.ActiveCfg = Release|Any CPU
		{75D1E65E-1ED9-4026-A912-DF16CA79A56B}.Release|Any CPU.Build.0 = Release|Any CPU
		{40DE10EF-FBDB-42E9-9482-EE37BC41D3C4}.Debug|Any CPU.ActiveCfg = Debug|Any CPU
		{40DE10EF-FBDB-42E9-9482-EE37BC41D3C4}.Debug|Any CPU.Build.0 = Debug|Any CPU
		{40DE10EF-FBDB-42E9-9482-EE37BC41D3C4}.Release|Any CPU.ActiveCfg = Release|Any CPU
		{40DE10EF-FBDB-42E9-9482-EE37BC41D3C4}.Release|Any CPU.Build.0 = Release|Any CPU
		{58854C16-64B2-419A-8531-1D2E6DFCED7D}.Debug|Any CPU.ActiveCfg = Debug|Any CPU
		{58854C16-64B2-419A-8531-1D2E6DFCED7D}.Debug|Any CPU.Build.0 = Debug|Any CPU
		{58854C16-64B2-419A-8531-1D2E6DFCED7D}.Release|Any CPU.ActiveCfg = Release|Any CPU
		{58854C16-64B2-419A-8531-1D2E6DFCED7D}.Release|Any CPU.Build.0 = Release|Any CPU
	EndGlobalSection
	GlobalSection(SolutionProperties) = preSolution
		HideSolutionNode = FALSE
	EndGlobalSection
EndGlobal
